// !$*UTF8*$!
{
	archiveVersion = 1;
	classes = {
	};
	objectVersion = 46;
	objects = {

/* Begin PBXBuildFile section */
		5BBC8CF81BE57D3600371899 /* PurchaseHelper.framework in Frameworks */ = {isa = PBXBuildFile; fileRef = 5BBC8CED1BE57D3600371899 /* PurchaseHelper.framework */; };
		718A922F21FCA3CF00FF5BDB /* Package.swift in Sources */ = {isa = PBXBuildFile; fileRef = 718A922E21FCA3CF00FF5BDB /* Package.swift */; };
		718A924321FCA44400FF5BDB /* Localizable.strings in Resources */ = {isa = PBXBuildFile; fileRef = 718A923221FCA44400FF5BDB /* Localizable.strings */; };
		718A924421FCA44400FF5BDB /* PurchaseItemCell.xib in Resources */ = {isa = PBXBuildFile; fileRef = 718A923421FCA44400FF5BDB /* PurchaseItemCell.xib */; };
		718A924521FCA44400FF5BDB /* PurchasesView.xib in Resources */ = {isa = PBXBuildFile; fileRef = 718A923621FCA44400FF5BDB /* PurchasesView.xib */; };
		718A924621FCA44400FF5BDB /* Info.plist in Resources */ = {isa = PBXBuildFile; fileRef = 718A923821FCA44400FF5BDB /* Info.plist */; };
		718A924721FCA44400FF5BDB /* Identifier.swift in Sources */ = {isa = PBXBuildFile; fileRef = 718A923A21FCA44400FF5BDB /* Identifier.swift */; };
		718A924821FCA44400FF5BDB /* UIView+RepresentedObject.h in Headers */ = {isa = PBXBuildFile; fileRef = 718A923B21FCA44400FF5BDB /* UIView+RepresentedObject.h */; };
		718A924921FCA44400FF5BDB /* UIView+RepresentedObject.m in Sources */ = {isa = PBXBuildFile; fileRef = 718A923C21FCA44400FF5BDB /* UIView+RepresentedObject.m */; };
		718A924A21FCA44400FF5BDB /* ProductIdentifier.swift in Sources */ = {isa = PBXBuildFile; fileRef = 718A923D21FCA44400FF5BDB /* ProductIdentifier.swift */; };
		718A924B21FCA44400FF5BDB /* PurchaseHelper.h in Headers */ = {isa = PBXBuildFile; fileRef = 718A923E21FCA44400FF5BDB /* PurchaseHelper.h */; };
		718A924C21FCA44400FF5BDB /* PurchaseHelper.swift in Sources */ = {isa = PBXBuildFile; fileRef = 718A923F21FCA44400FF5BDB /* PurchaseHelper.swift */; };
		718A924D21FCA44400FF5BDB /* PurchaseItemCell.swift in Sources */ = {isa = PBXBuildFile; fileRef = 718A924021FCA44400FF5BDB /* PurchaseItemCell.swift */; };
		718A924E21FCA44400FF5BDB /* PurchaseItemCellConfigurator.swift in Sources */ = {isa = PBXBuildFile; fileRef = 718A924121FCA44400FF5BDB /* PurchaseItemCellConfigurator.swift */; };
		718A924F21FCA44400FF5BDB /* PurchasesViewController.swift in Sources */ = {isa = PBXBuildFile; fileRef = 718A924221FCA44400FF5BDB /* PurchasesViewController.swift */; };
		718A925421FCBD8400FF5BDB /* Info.plist in Resources */ = {isa = PBXBuildFile; fileRef = 718A925221FCBD8400FF5BDB /* Info.plist */; };
		718A925521FCBD8400FF5BDB /* PurchaseHelperTests.m in Sources */ = {isa = PBXBuildFile; fileRef = 718A925321FCBD8400FF5BDB /* PurchaseHelperTests.m */; };
/* End PBXBuildFile section */

/* Begin PBXContainerItemProxy section */
		5BBC8CF91BE57D3600371899 /* PBXContainerItemProxy */ = {
			isa = PBXContainerItemProxy;
			containerPortal = 5BBC8CE41BE57D3600371899 /* Project object */;
			proxyType = 1;
			remoteGlobalIDString = 5BBC8CEC1BE57D3600371899;
			remoteInfo = PurchaseHelper;
		};
		718A920721FC09E900FF5BDB /* PBXContainerItemProxy */ = {
			isa = PBXContainerItemProxy;
			containerPortal = 718A91FD21FC09E900FF5BDB /* SAMKeychain.xcodeproj */;
			proxyType = 2;
			remoteGlobalIDString = E8A666341A844CC400287CA3;
			remoteInfo = "SAMKeychain-iOS";
		};
		718A920921FC09E900FF5BDB /* PBXContainerItemProxy */ = {
			isa = PBXContainerItemProxy;
			containerPortal = 718A91FD21FC09E900FF5BDB /* SAMKeychain.xcodeproj */;
			proxyType = 2;
			remoteGlobalIDString = E8A666551A844D3A00287CA3;
			remoteInfo = "SAMKeychainTests-iOS";
		};
		718A920B21FC09E900FF5BDB /* PBXContainerItemProxy */ = {
			isa = PBXContainerItemProxy;
			containerPortal = 718A91FD21FC09E900FF5BDB /* SAMKeychain.xcodeproj */;
			proxyType = 2;
			remoteGlobalIDString = E8A6666F1A844E4100287CA3;
			remoteInfo = "SAMKeychain-OSX";
		};
		718A920D21FC09E900FF5BDB /* PBXContainerItemProxy */ = {
			isa = PBXContainerItemProxy;
			containerPortal = 718A91FD21FC09E900FF5BDB /* SAMKeychain.xcodeproj */;
			proxyType = 2;
			remoteGlobalIDString = E8A666791A844E4100287CA3;
			remoteInfo = "SAMKeychainTests-OSX";
		};
		718A920F21FC09E900FF5BDB /* PBXContainerItemProxy */ = {
			isa = PBXContainerItemProxy;
			containerPortal = 718A91FD21FC09E900FF5BDB /* SAMKeychain.xcodeproj */;
			proxyType = 2;
			remoteGlobalIDString = 21632D981C925A3C00C40D7D;
			remoteInfo = "SAMKeychain-tvOS";
		};
		718A921121FC09E900FF5BDB /* PBXContainerItemProxy */ = {
			isa = PBXContainerItemProxy;
			containerPortal = 718A91FD21FC09E900FF5BDB /* SAMKeychain.xcodeproj */;
			proxyType = 2;
			remoteGlobalIDString = 21632DA11C925A3C00C40D7D;
			remoteInfo = "SAMKeychainTests-tvOS";
		};
		718A921321FC09E900FF5BDB /* PBXContainerItemProxy */ = {
			isa = PBXContainerItemProxy;
			containerPortal = 718A91FD21FC09E900FF5BDB /* SAMKeychain.xcodeproj */;
			proxyType = 2;
			remoteGlobalIDString = 21632DBC1C925B1F00C40D7D;
			remoteInfo = "SAMKeychain-watchOS";
		};
		718A921521FC09FC00FF5BDB /* PBXContainerItemProxy */ = {
			isa = PBXContainerItemProxy;
			containerPortal = 718A91FD21FC09E900FF5BDB /* SAMKeychain.xcodeproj */;
			proxyType = 1;
			remoteGlobalIDString = E8A666331A844CC400287CA3;
			remoteInfo = "SAMKeychain-iOS";
		};
/* End PBXContainerItemProxy section */

/* Begin PBXCopyFilesBuildPhase section */
		5B6A33BB1D7CB8F500BABE7E /* Copy Frameworks */ = {
			isa = PBXCopyFilesBuildPhase;
			buildActionMask = 2147483647;
			dstPath = "";
			dstSubfolderSpec = 10;
			files = (
			);
			name = "Copy Frameworks";
			runOnlyForDeploymentPostprocessing = 0;
		};
/* End PBXCopyFilesBuildPhase section */

/* Begin PBXFileReference section */
		5B27F4F01C3C7894006DCC6D /* LICENSE */ = {isa = PBXFileReference; lastKnownFileType = text; path = LICENSE; sourceTree = "<group>"; };
		5B27F4F11C3C7894006DCC6D /* README.md */ = {isa = PBXFileReference; lastKnownFileType = net.daringfireball.markdown; path = README.md; sourceTree = "<group>"; };
		5B27F4F41C3C7A8F006DCC6D /* PurchaseHelper.podspec */ = {isa = PBXFileReference; explicitFileType = text.script.ruby; path = PurchaseHelper.podspec; sourceTree = "<group>"; };
		5BBC8CED1BE57D3600371899 /* PurchaseHelper.framework */ = {isa = PBXFileReference; explicitFileType = wrapper.framework; includeInIndex = 0; path = PurchaseHelper.framework; sourceTree = BUILT_PRODUCTS_DIR; };
		5BBC8CF71BE57D3600371899 /* PurchaseHelperTests.xctest */ = {isa = PBXFileReference; explicitFileType = wrapper.cfbundle; includeInIndex = 0; path = PurchaseHelperTests.xctest; sourceTree = BUILT_PRODUCTS_DIR; };
		718A91FD21FC09E900FF5BDB /* SAMKeychain.xcodeproj */ = {isa = PBXFileReference; lastKnownFileType = "wrapper.pb-project"; name = SAMKeychain.xcodeproj; path = Submodules/SAMKeychain/SAMKeychain.xcodeproj; sourceTree = "<group>"; };
		718A922E21FCA3CF00FF5BDB /* Package.swift */ = {isa = PBXFileReference; lastKnownFileType = sourcecode.swift; path = Package.swift; sourceTree = "<group>"; };
		718A923321FCA44400FF5BDB /* en */ = {isa = PBXFileReference; lastKnownFileType = text.plist.strings; name = en; path = en.lproj/Localizable.strings; sourceTree = "<group>"; };
		718A923521FCA44400FF5BDB /* en */ = {isa = PBXFileReference; lastKnownFileType = file.xib; name = en; path = en.lproj/PurchaseItemCell.xib; sourceTree = "<group>"; };
		718A923721FCA44400FF5BDB /* en */ = {isa = PBXFileReference; lastKnownFileType = file.xib; name = en; path = en.lproj/PurchasesView.xib; sourceTree = "<group>"; };
		718A923821FCA44400FF5BDB /* Info.plist */ = {isa = PBXFileReference; fileEncoding = 4; lastKnownFileType = text.plist.xml; path = Info.plist; sourceTree = "<group>"; };
		718A923A21FCA44400FF5BDB /* Identifier.swift */ = {isa = PBXFileReference; fileEncoding = 4; lastKnownFileType = sourcecode.swift; path = Identifier.swift; sourceTree = "<group>"; };
		718A923B21FCA44400FF5BDB /* UIView+RepresentedObject.h */ = {isa = PBXFileReference; fileEncoding = 4; lastKnownFileType = sourcecode.c.h; path = "UIView+RepresentedObject.h"; sourceTree = "<group>"; };
		718A923C21FCA44400FF5BDB /* UIView+RepresentedObject.m */ = {isa = PBXFileReference; fileEncoding = 4; lastKnownFileType = sourcecode.c.objc; path = "UIView+RepresentedObject.m"; sourceTree = "<group>"; };
		718A923D21FCA44400FF5BDB /* ProductIdentifier.swift */ = {isa = PBXFileReference; fileEncoding = 4; lastKnownFileType = sourcecode.swift; path = ProductIdentifier.swift; sourceTree = "<group>"; };
		718A923E21FCA44400FF5BDB /* PurchaseHelper.h */ = {isa = PBXFileReference; fileEncoding = 4; lastKnownFileType = sourcecode.c.h; path = PurchaseHelper.h; sourceTree = "<group>"; };
		718A923F21FCA44400FF5BDB /* PurchaseHelper.swift */ = {isa = PBXFileReference; fileEncoding = 4; lastKnownFileType = sourcecode.swift; path = PurchaseHelper.swift; sourceTree = "<group>"; };
		718A924021FCA44400FF5BDB /* PurchaseItemCell.swift */ = {isa = PBXFileReference; fileEncoding = 4; lastKnownFileType = sourcecode.swift; path = PurchaseItemCell.swift; sourceTree = "<group>"; };
		718A924121FCA44400FF5BDB /* PurchaseItemCellConfigurator.swift */ = {isa = PBXFileReference; fileEncoding = 4; lastKnownFileType = sourcecode.swift; path = PurchaseItemCellConfigurator.swift; sourceTree = "<group>"; };
		718A924221FCA44400FF5BDB /* PurchasesViewController.swift */ = {isa = PBXFileReference; fileEncoding = 4; lastKnownFileType = sourcecode.swift; path = PurchasesViewController.swift; sourceTree = "<group>"; };
		718A925221FCBD8400FF5BDB /* Info.plist */ = {isa = PBXFileReference; fileEncoding = 4; lastKnownFileType = text.plist.xml; path = Info.plist; sourceTree = "<group>"; };
		718A925321FCBD8400FF5BDB /* PurchaseHelperTests.m */ = {isa = PBXFileReference; fileEncoding = 4; lastKnownFileType = sourcecode.c.objc; path = PurchaseHelperTests.m; sourceTree = "<group>"; };
		BF7630171F992726004FD9F3 /* CHANGELOG.md */ = {isa = PBXFileReference; lastKnownFileType = net.daringfireball.markdown; path = CHANGELOG.md; sourceTree = "<group>"; };
/* End PBXFileReference section */

/* Begin PBXFrameworksBuildPhase section */
		5BBC8CE91BE57D3600371899 /* Frameworks */ = {
			isa = PBXFrameworksBuildPhase;
			buildActionMask = 2147483647;
			files = (
			);
			runOnlyForDeploymentPostprocessing = 0;
		};
		5BBC8CF41BE57D3600371899 /* Frameworks */ = {
			isa = PBXFrameworksBuildPhase;
			buildActionMask = 2147483647;
			files = (
				5BBC8CF81BE57D3600371899 /* PurchaseHelper.framework in Frameworks */,
			);
			runOnlyForDeploymentPostprocessing = 0;
		};
/* End PBXFrameworksBuildPhase section */

/* Begin PBXGroup section */
		5B27F4EC1C3C77F2006DCC6D /* Frameworks */ = {
			isa = PBXGroup;
			children = (
			);
			name = Frameworks;
			sourceTree = "<group>";
		};
		5B27F4F21C3C7899006DCC6D /* Configuration */ = {
			isa = PBXGroup;
			children = (
				5B27F4F41C3C7A8F006DCC6D /* PurchaseHelper.podspec */,
			);
			name = Configuration;
			sourceTree = "<group>";
		};
		5B27F4F31C3C78A2006DCC6D /* Documentation */ = {
			isa = PBXGroup;
			children = (
				BF7630171F992726004FD9F3 /* CHANGELOG.md */,
				5B27F4F01C3C7894006DCC6D /* LICENSE */,
				5B27F4F11C3C7894006DCC6D /* README.md */,
			);
			name = Documentation;
			sourceTree = "<group>";
		};
		5B6A339F1D7CB78400BABE7E /* Libraries */ = {
			isa = PBXGroup;
			children = (
				718A91FD21FC09E900FF5BDB /* SAMKeychain.xcodeproj */,
			);
			name = Libraries;
			sourceTree = "<group>";
		};
		5BBC8CE31BE57D3600371899 = {
			isa = PBXGroup;
			children = (
				718A922E21FCA3CF00FF5BDB /* Package.swift */,
				5B27F4F21C3C7899006DCC6D /* Configuration */,
				5B27F4F31C3C78A2006DCC6D /* Documentation */,
				718A923021FCA44400FF5BDB /* Sources */,
				718A925021FCBD8400FF5BDB /* Tests */,
				5B27F4EC1C3C77F2006DCC6D /* Frameworks */,
				5B6A339F1D7CB78400BABE7E /* Libraries */,
				5BBC8CEE1BE57D3600371899 /* Products */,
			);
			sourceTree = "<group>";
		};
		5BBC8CEE1BE57D3600371899 /* Products */ = {
			isa = PBXGroup;
			children = (
				5BBC8CED1BE57D3600371899 /* PurchaseHelper.framework */,
				5BBC8CF71BE57D3600371899 /* PurchaseHelperTests.xctest */,
			);
			name = Products;
			sourceTree = "<group>";
		};
		718A91FE21FC09E900FF5BDB /* Products */ = {
			isa = PBXGroup;
			children = (
				718A920821FC09E900FF5BDB /* SAMKeychain.framework */,
				718A920A21FC09E900FF5BDB /* SAMKeychainTests-iOS.xctest */,
				718A920C21FC09E900FF5BDB /* SAMKeychain.framework */,
				718A920E21FC09E900FF5BDB /* SAMKeychainTests-OSX.xctest */,
				718A921021FC09E900FF5BDB /* SAMKeychain.framework */,
				718A921221FC09E900FF5BDB /* SAMKeychainTests.xctest */,
				718A921421FC09E900FF5BDB /* SAMKeychain.framework */,
			);
			name = Products;
			sourceTree = "<group>";
		};
		718A923021FCA44400FF5BDB /* Sources */ = {
			isa = PBXGroup;
			children = (
				718A923121FCA44400FF5BDB /* PurchaseHelper */,
			);
			path = Sources;
			sourceTree = "<group>";
		};
		718A923121FCA44400FF5BDB /* PurchaseHelper */ = {
			isa = PBXGroup;
			children = (
				718A923921FCA44400FF5BDB /* Private */,
				718A923821FCA44400FF5BDB /* Info.plist */,
				718A923221FCA44400FF5BDB /* Localizable.strings */,
				718A923D21FCA44400FF5BDB /* ProductIdentifier.swift */,
				718A923E21FCA44400FF5BDB /* PurchaseHelper.h */,
				718A923F21FCA44400FF5BDB /* PurchaseHelper.swift */,
				718A924021FCA44400FF5BDB /* PurchaseItemCell.swift */,
				718A923421FCA44400FF5BDB /* PurchaseItemCell.xib */,
				718A924121FCA44400FF5BDB /* PurchaseItemCellConfigurator.swift */,
				718A923621FCA44400FF5BDB /* PurchasesView.xib */,
				718A924221FCA44400FF5BDB /* PurchasesViewController.swift */,
			);
			path = PurchaseHelper;
			sourceTree = "<group>";
		};
		718A923921FCA44400FF5BDB /* Private */ = {
			isa = PBXGroup;
			children = (
				718A923A21FCA44400FF5BDB /* Identifier.swift */,
				718A923B21FCA44400FF5BDB /* UIView+RepresentedObject.h */,
				718A923C21FCA44400FF5BDB /* UIView+RepresentedObject.m */,
			);
			path = Private;
			sourceTree = "<group>";
		};
		718A925021FCBD8400FF5BDB /* Tests */ = {
			isa = PBXGroup;
			children = (
				718A925121FCBD8400FF5BDB /* PurchaseHelperTests */,
			);
			path = Tests;
			sourceTree = "<group>";
		};
		718A925121FCBD8400FF5BDB /* PurchaseHelperTests */ = {
			isa = PBXGroup;
			children = (
				718A925221FCBD8400FF5BDB /* Info.plist */,
				718A925321FCBD8400FF5BDB /* PurchaseHelperTests.m */,
			);
			path = PurchaseHelperTests;
			sourceTree = "<group>";
		};
/* End PBXGroup section */

/* Begin PBXHeadersBuildPhase section */
		5BBC8CEA1BE57D3600371899 /* Headers */ = {
			isa = PBXHeadersBuildPhase;
			buildActionMask = 2147483647;
			files = (
				718A924821FCA44400FF5BDB /* UIView+RepresentedObject.h in Headers */,
				718A924B21FCA44400FF5BDB /* PurchaseHelper.h in Headers */,
			);
			runOnlyForDeploymentPostprocessing = 0;
		};
/* End PBXHeadersBuildPhase section */

/* Begin PBXNativeTarget section */
		5BBC8CEC1BE57D3600371899 /* PurchaseHelper */ = {
			isa = PBXNativeTarget;
			buildConfigurationList = 5BBC8D011BE57D3600371899 /* Build configuration list for PBXNativeTarget "PurchaseHelper" */;
			buildPhases = (
				5BBC8CE81BE57D3600371899 /* Sources */,
				5BBC8CE91BE57D3600371899 /* Frameworks */,
				5BBC8CEA1BE57D3600371899 /* Headers */,
				5BBC8CEB1BE57D3600371899 /* Resources */,
				5B6A33BB1D7CB8F500BABE7E /* Copy Frameworks */,
			);
			buildRules = (
			);
			dependencies = (
				718A921621FC09FC00FF5BDB /* PBXTargetDependency */,
			);
			name = PurchaseHelper;
			productName = PurchaseHelper;
			productReference = 5BBC8CED1BE57D3600371899 /* PurchaseHelper.framework */;
			productType = "com.apple.product-type.framework";
		};
		5BBC8CF61BE57D3600371899 /* PurchaseHelperTests */ = {
			isa = PBXNativeTarget;
			buildConfigurationList = 5BBC8D041BE57D3600371899 /* Build configuration list for PBXNativeTarget "PurchaseHelperTests" */;
			buildPhases = (
				5BBC8CF31BE57D3600371899 /* Sources */,
				5BBC8CF41BE57D3600371899 /* Frameworks */,
				5BBC8CF51BE57D3600371899 /* Resources */,
			);
			buildRules = (
			);
			dependencies = (
				5BBC8CFA1BE57D3600371899 /* PBXTargetDependency */,
			);
			name = PurchaseHelperTests;
			productName = PurchaseHelperTests;
			productReference = 5BBC8CF71BE57D3600371899 /* PurchaseHelperTests.xctest */;
			productType = "com.apple.product-type.bundle.unit-test";
		};
/* End PBXNativeTarget section */

/* Begin PBXProject section */
		5BBC8CE41BE57D3600371899 /* Project object */ = {
			isa = PBXProject;
			attributes = {
				LastUpgradeCheck = 1000;
				ORGANIZATIONNAME = "Pilgrimage Software";
				TargetAttributes = {
					5BBC8CEC1BE57D3600371899 = {
						CreatedOnToolsVersion = 7.1;
						LastSwiftMigration = 1010;
					};
					5BBC8CF61BE57D3600371899 = {
						CreatedOnToolsVersion = 7.1;
					};
				};
			};
			buildConfigurationList = 5BBC8CE71BE57D3600371899 /* Build configuration list for PBXProject "PurchaseHelper" */;
			compatibilityVersion = "Xcode 3.2";
			developmentRegion = English;
			hasScannedForEncodings = 0;
			knownRegions = (
				en,
			);
			mainGroup = 5BBC8CE31BE57D3600371899;
			productRefGroup = 5BBC8CEE1BE57D3600371899 /* Products */;
			projectDirPath = "";
			projectReferences = (
				{
					ProductGroup = 718A91FE21FC09E900FF5BDB /* Products */;
					ProjectRef = 718A91FD21FC09E900FF5BDB /* SAMKeychain.xcodeproj */;
				},
			);
			projectRoot = "";
			targets = (
				5BBC8CEC1BE57D3600371899 /* PurchaseHelper */,
				5BBC8CF61BE57D3600371899 /* PurchaseHelperTests */,
			);
		};
/* End PBXProject section */

/* Begin PBXReferenceProxy section */
		718A920821FC09E900FF5BDB /* SAMKeychain.framework */ = {
			isa = PBXReferenceProxy;
			fileType = wrapper.framework;
			path = SAMKeychain.framework;
			remoteRef = 718A920721FC09E900FF5BDB /* PBXContainerItemProxy */;
			sourceTree = BUILT_PRODUCTS_DIR;
		};
		718A920A21FC09E900FF5BDB /* SAMKeychainTests-iOS.xctest */ = {
			isa = PBXReferenceProxy;
			fileType = wrapper.cfbundle;
			path = "SAMKeychainTests-iOS.xctest";
			remoteRef = 718A920921FC09E900FF5BDB /* PBXContainerItemProxy */;
			sourceTree = BUILT_PRODUCTS_DIR;
		};
		718A920C21FC09E900FF5BDB /* SAMKeychain.framework */ = {
			isa = PBXReferenceProxy;
			fileType = wrapper.framework;
			path = SAMKeychain.framework;
			remoteRef = 718A920B21FC09E900FF5BDB /* PBXContainerItemProxy */;
			sourceTree = BUILT_PRODUCTS_DIR;
		};
		718A920E21FC09E900FF5BDB /* SAMKeychainTests-OSX.xctest */ = {
			isa = PBXReferenceProxy;
			fileType = wrapper.cfbundle;
			path = "SAMKeychainTests-OSX.xctest";
			remoteRef = 718A920D21FC09E900FF5BDB /* PBXContainerItemProxy */;
			sourceTree = BUILT_PRODUCTS_DIR;
		};
		718A921021FC09E900FF5BDB /* SAMKeychain.framework */ = {
			isa = PBXReferenceProxy;
			fileType = wrapper.framework;
			path = SAMKeychain.framework;
			remoteRef = 718A920F21FC09E900FF5BDB /* PBXContainerItemProxy */;
			sourceTree = BUILT_PRODUCTS_DIR;
		};
		718A921221FC09E900FF5BDB /* SAMKeychainTests.xctest */ = {
			isa = PBXReferenceProxy;
			fileType = wrapper.cfbundle;
			path = SAMKeychainTests.xctest;
			remoteRef = 718A921121FC09E900FF5BDB /* PBXContainerItemProxy */;
			sourceTree = BUILT_PRODUCTS_DIR;
		};
		718A921421FC09E900FF5BDB /* SAMKeychain.framework */ = {
			isa = PBXReferenceProxy;
			fileType = wrapper.framework;
			path = SAMKeychain.framework;
			remoteRef = 718A921321FC09E900FF5BDB /* PBXContainerItemProxy */;
			sourceTree = BUILT_PRODUCTS_DIR;
		};
/* End PBXReferenceProxy section */

/* Begin PBXResourcesBuildPhase section */
		5BBC8CEB1BE57D3600371899 /* Resources */ = {
			isa = PBXResourcesBuildPhase;
			buildActionMask = 2147483647;
			files = (
				718A924621FCA44400FF5BDB /* Info.plist in Resources */,
				718A924321FCA44400FF5BDB /* Localizable.strings in Resources */,
				718A924421FCA44400FF5BDB /* PurchaseItemCell.xib in Resources */,
				718A924521FCA44400FF5BDB /* PurchasesView.xib in Resources */,
			);
			runOnlyForDeploymentPostprocessing = 0;
		};
		5BBC8CF51BE57D3600371899 /* Resources */ = {
			isa = PBXResourcesBuildPhase;
			buildActionMask = 2147483647;
			files = (
				718A925421FCBD8400FF5BDB /* Info.plist in Resources */,
			);
			runOnlyForDeploymentPostprocessing = 0;
		};
/* End PBXResourcesBuildPhase section */

/* Begin PBXSourcesBuildPhase section */
		5BBC8CE81BE57D3600371899 /* Sources */ = {
			isa = PBXSourcesBuildPhase;
			buildActionMask = 2147483647;
			files = (
				718A924721FCA44400FF5BDB /* Identifier.swift in Sources */,
				718A924D21FCA44400FF5BDB /* PurchaseItemCell.swift in Sources */,
				718A924921FCA44400FF5BDB /* UIView+RepresentedObject.m in Sources */,
				718A924C21FCA44400FF5BDB /* PurchaseHelper.swift in Sources */,
				718A924A21FCA44400FF5BDB /* ProductIdentifier.swift in Sources */,
				718A924F21FCA44400FF5BDB /* PurchasesViewController.swift in Sources */,
				718A922F21FCA3CF00FF5BDB /* Package.swift in Sources */,
				718A924E21FCA44400FF5BDB /* PurchaseItemCellConfigurator.swift in Sources */,
			);
			runOnlyForDeploymentPostprocessing = 0;
		};
		5BBC8CF31BE57D3600371899 /* Sources */ = {
			isa = PBXSourcesBuildPhase;
			buildActionMask = 2147483647;
			files = (
				718A925521FCBD8400FF5BDB /* PurchaseHelperTests.m in Sources */,
			);
			runOnlyForDeploymentPostprocessing = 0;
		};
/* End PBXSourcesBuildPhase section */

/* Begin PBXTargetDependency section */
		5BBC8CFA1BE57D3600371899 /* PBXTargetDependency */ = {
			isa = PBXTargetDependency;
			target = 5BBC8CEC1BE57D3600371899 /* PurchaseHelper */;
			targetProxy = 5BBC8CF91BE57D3600371899 /* PBXContainerItemProxy */;
		};
		718A921621FC09FC00FF5BDB /* PBXTargetDependency */ = {
			isa = PBXTargetDependency;
			name = "SAMKeychain-iOS";
			targetProxy = 718A921521FC09FC00FF5BDB /* PBXContainerItemProxy */;
		};
/* End PBXTargetDependency section */

/* Begin PBXVariantGroup section */
		718A923221FCA44400FF5BDB /* Localizable.strings */ = {
			isa = PBXVariantGroup;
			children = (
				718A923321FCA44400FF5BDB /* en */,
			);
			name = Localizable.strings;
			sourceTree = "<group>";
		};
		718A923421FCA44400FF5BDB /* PurchaseItemCell.xib */ = {
			isa = PBXVariantGroup;
			children = (
				718A923521FCA44400FF5BDB /* en */,
			);
			name = PurchaseItemCell.xib;
			sourceTree = "<group>";
		};
		718A923621FCA44400FF5BDB /* PurchasesView.xib */ = {
			isa = PBXVariantGroup;
			children = (
				718A923721FCA44400FF5BDB /* en */,
			);
			name = PurchasesView.xib;
			sourceTree = "<group>";
		};
/* End PBXVariantGroup section */

/* Begin XCBuildConfiguration section */
		5BBC8CFF1BE57D3600371899 /* Debug */ = {
			isa = XCBuildConfiguration;
			buildSettings = {
				ALWAYS_SEARCH_USER_PATHS = NO;
				CLANG_CXX_LANGUAGE_STANDARD = "gnu++0x";
				CLANG_CXX_LIBRARY = "libc++";
				CLANG_ENABLE_MODULES = YES;
				CLANG_ENABLE_OBJC_ARC = YES;
				CLANG_WARN_BLOCK_CAPTURE_AUTORELEASING = YES;
				CLANG_WARN_BOOL_CONVERSION = YES;
				CLANG_WARN_COMMA = YES;
				CLANG_WARN_CONSTANT_CONVERSION = YES;
				CLANG_WARN_DEPRECATED_OBJC_IMPLEMENTATIONS = YES;
				CLANG_WARN_DIRECT_OBJC_ISA_USAGE = YES_ERROR;
				CLANG_WARN_EMPTY_BODY = YES;
				CLANG_WARN_ENUM_CONVERSION = YES;
				CLANG_WARN_INFINITE_RECURSION = YES;
				CLANG_WARN_INT_CONVERSION = YES;
				CLANG_WARN_NON_LITERAL_NULL_CONVERSION = YES;
				CLANG_WARN_OBJC_IMPLICIT_RETAIN_SELF = YES;
				CLANG_WARN_OBJC_LITERAL_CONVERSION = YES;
				CLANG_WARN_OBJC_ROOT_CLASS = YES_ERROR;
				CLANG_WARN_RANGE_LOOP_ANALYSIS = YES;
				CLANG_WARN_STRICT_PROTOTYPES = YES;
				CLANG_WARN_SUSPICIOUS_MOVE = YES;
				CLANG_WARN_UNREACHABLE_CODE = YES;
				CLANG_WARN__DUPLICATE_METHOD_MATCH = YES;
				"CODE_SIGN_IDENTITY[sdk=iphoneos*]" = "iPhone Developer";
				COPY_PHASE_STRIP = NO;
				CURRENT_PROJECT_VERSION = 1;
				DEBUG_INFORMATION_FORMAT = dwarf;
				ENABLE_STRICT_OBJC_MSGSEND = YES;
				ENABLE_TESTABILITY = YES;
				GCC_C_LANGUAGE_STANDARD = gnu99;
				GCC_DYNAMIC_NO_PIC = NO;
				GCC_NO_COMMON_BLOCKS = YES;
				GCC_OPTIMIZATION_LEVEL = 0;
				GCC_PREPROCESSOR_DEFINITIONS = (
					"DEBUG=1",
					"$(inherited)",
				);
				GCC_WARN_64_TO_32_BIT_CONVERSION = YES;
				GCC_WARN_ABOUT_RETURN_TYPE = YES_ERROR;
				GCC_WARN_UNDECLARED_SELECTOR = YES;
				GCC_WARN_UNINITIALIZED_AUTOS = YES_AGGRESSIVE;
				GCC_WARN_UNUSED_FUNCTION = YES;
				GCC_WARN_UNUSED_VARIABLE = YES;
				IPHONEOS_DEPLOYMENT_TARGET = 9.1;
				MTL_ENABLE_DEBUG_INFO = YES;
				ONLY_ACTIVE_ARCH = YES;
				SDKROOT = iphoneos;
				TARGETED_DEVICE_FAMILY = "1,2";
				VERSIONING_SYSTEM = "apple-generic";
				VERSION_INFO_PREFIX = "";
			};
			name = Debug;
		};
		5BBC8D001BE57D3600371899 /* Release */ = {
			isa = XCBuildConfiguration;
			buildSettings = {
				ALWAYS_SEARCH_USER_PATHS = NO;
				CLANG_CXX_LANGUAGE_STANDARD = "gnu++0x";
				CLANG_CXX_LIBRARY = "libc++";
				CLANG_ENABLE_MODULES = YES;
				CLANG_ENABLE_OBJC_ARC = YES;
				CLANG_WARN_BLOCK_CAPTURE_AUTORELEASING = YES;
				CLANG_WARN_BOOL_CONVERSION = YES;
				CLANG_WARN_COMMA = YES;
				CLANG_WARN_CONSTANT_CONVERSION = YES;
				CLANG_WARN_DEPRECATED_OBJC_IMPLEMENTATIONS = YES;
				CLANG_WARN_DIRECT_OBJC_ISA_USAGE = YES_ERROR;
				CLANG_WARN_EMPTY_BODY = YES;
				CLANG_WARN_ENUM_CONVERSION = YES;
				CLANG_WARN_INFINITE_RECURSION = YES;
				CLANG_WARN_INT_CONVERSION = YES;
				CLANG_WARN_NON_LITERAL_NULL_CONVERSION = YES;
				CLANG_WARN_OBJC_IMPLICIT_RETAIN_SELF = YES;
				CLANG_WARN_OBJC_LITERAL_CONVERSION = YES;
				CLANG_WARN_OBJC_ROOT_CLASS = YES_ERROR;
				CLANG_WARN_RANGE_LOOP_ANALYSIS = YES;
				CLANG_WARN_STRICT_PROTOTYPES = YES;
				CLANG_WARN_SUSPICIOUS_MOVE = YES;
				CLANG_WARN_UNREACHABLE_CODE = YES;
				CLANG_WARN__DUPLICATE_METHOD_MATCH = YES;
				"CODE_SIGN_IDENTITY[sdk=iphoneos*]" = "iPhone Developer";
				COPY_PHASE_STRIP = NO;
				CURRENT_PROJECT_VERSION = 1;
				DEBUG_INFORMATION_FORMAT = "dwarf-with-dsym";
				ENABLE_NS_ASSERTIONS = NO;
				ENABLE_STRICT_OBJC_MSGSEND = YES;
				GCC_C_LANGUAGE_STANDARD = gnu99;
				GCC_NO_COMMON_BLOCKS = YES;
				GCC_WARN_64_TO_32_BIT_CONVERSION = YES;
				GCC_WARN_ABOUT_RETURN_TYPE = YES_ERROR;
				GCC_WARN_UNDECLARED_SELECTOR = YES;
				GCC_WARN_UNINITIALIZED_AUTOS = YES_AGGRESSIVE;
				GCC_WARN_UNUSED_FUNCTION = YES;
				GCC_WARN_UNUSED_VARIABLE = YES;
				IPHONEOS_DEPLOYMENT_TARGET = 9.1;
				MTL_ENABLE_DEBUG_INFO = NO;
				SDKROOT = iphoneos;
				TARGETED_DEVICE_FAMILY = "1,2";
				VALIDATE_PRODUCT = YES;
				VERSIONING_SYSTEM = "apple-generic";
				VERSION_INFO_PREFIX = "";
			};
			name = Release;
		};
		5BBC8D021BE57D3600371899 /* Debug */ = {
			isa = XCBuildConfiguration;
			buildSettings = {
				CLANG_ENABLE_MODULES = YES;
				CODE_SIGN_IDENTITY = "";
				DEFINES_MODULE = YES;
				DYLIB_COMPATIBILITY_VERSION = 1;
				DYLIB_CURRENT_VERSION = 1;
				DYLIB_INSTALL_NAME_BASE = "@rpath";
				FRAMEWORK_SEARCH_PATHS = (
					"$(inherited)",
					"$(PROJECT_DIR)/Carthage/Build/iOS",
				);
				INFOPLIST_FILE = PurchaseHelper/Info.plist;
				INSTALL_PATH = "$(LOCAL_LIBRARY_DIR)/Frameworks";
				LD_RUNPATH_SEARCH_PATHS = "$(inherited) @executable_path/Frameworks @loader_path/Frameworks";
				PRODUCT_BUNDLE_IDENTIFIER = com.pilgrimagesoftware.lib.PurchaseHelper;
				PRODUCT_NAME = "$(TARGET_NAME)";
				SKIP_INSTALL = YES;
				SWIFT_OPTIMIZATION_LEVEL = "-Onone";
				SWIFT_VERSION = 4.2;
			};
			name = Debug;
		};
		5BBC8D031BE57D3600371899 /* Release */ = {
			isa = XCBuildConfiguration;
			buildSettings = {
				CLANG_ENABLE_MODULES = YES;
				CODE_SIGN_IDENTITY = "";
				DEFINES_MODULE = YES;
				DYLIB_COMPATIBILITY_VERSION = 1;
				DYLIB_CURRENT_VERSION = 1;
				DYLIB_INSTALL_NAME_BASE = "@rpath";
				FRAMEWORK_SEARCH_PATHS = (
					"$(inherited)",
					"$(PROJECT_DIR)/Carthage/Build/iOS",
				);
				INFOPLIST_FILE = PurchaseHelper/Info.plist;
				INSTALL_PATH = "$(LOCAL_LIBRARY_DIR)/Frameworks";
				LD_RUNPATH_SEARCH_PATHS = "$(inherited) @executable_path/Frameworks @loader_path/Frameworks";
				PRODUCT_BUNDLE_IDENTIFIER = com.pilgrimagesoftware.lib.PurchaseHelper;
				PRODUCT_NAME = "$(TARGET_NAME)";
				SKIP_INSTALL = YES;
				SWIFT_VERSION = 4.2;
			};
			name = Release;
		};
		5BBC8D051BE57D3600371899 /* Debug */ = {
			isa = XCBuildConfiguration;
			buildSettings = {
				ALWAYS_EMBED_SWIFT_STANDARD_LIBRARIES = YES;
				INFOPLIST_FILE = PurchaseHelperTests/Info.plist;
				LD_RUNPATH_SEARCH_PATHS = "$(inherited) @executable_path/Frameworks @loader_path/Frameworks";
				PRODUCT_BUNDLE_IDENTIFIER = com.pilgrimagesoftware.lib.PurchaseHelperTests;
				PRODUCT_NAME = "$(TARGET_NAME)";
			};
			name = Debug;
		};
		5BBC8D061BE57D3600371899 /* Release */ = {
			isa = XCBuildConfiguration;
			buildSettings = {
				ALWAYS_EMBED_SWIFT_STANDARD_LIBRARIES = YES;
				INFOPLIST_FILE = PurchaseHelperTests/Info.plist;
				LD_RUNPATH_SEARCH_PATHS = "$(inherited) @executable_path/Frameworks @loader_path/Frameworks";
				PRODUCT_BUNDLE_IDENTIFIER = com.pilgrimagesoftware.lib.PurchaseHelperTests;
				PRODUCT_NAME = "$(TARGET_NAME)";
			};
			name = Release;
		};
/* End XCBuildConfiguration section */

/* Begin XCConfigurationList section */
		5BBC8CE71BE57D3600371899 /* Build configuration list for PBXProject "PurchaseHelper" */ = {
			isa = XCConfigurationList;
			buildConfigurations = (
				5BBC8CFF1BE57D3600371899 /* Debug */,
				5BBC8D001BE57D3600371899 /* Release */,
			);
			defaultConfigurationIsVisible = 0;
			defaultConfigurationName = Release;
		};
		5BBC8D011BE57D3600371899 /* Build configuration list for PBXNativeTarget "PurchaseHelper" */ = {
			isa = XCConfigurationList;
			buildConfigurations = (
				5BBC8D021BE57D3600371899 /* Debug */,
				5BBC8D031BE57D3600371899 /* Release */,
			);
			defaultConfigurationIsVisible = 0;
			defaultConfigurationName = Release;
		};
		5BBC8D041BE57D3600371899 /* Build configuration list for PBXNativeTarget "PurchaseHelperTests" */ = {
			isa = XCConfigurationList;
			buildConfigurations = (
				5BBC8D051BE57D3600371899 /* Debug */,
				5BBC8D061BE57D3600371899 /* Release */,
			);
			defaultConfigurationIsVisible = 0;
			defaultConfigurationName = Release;
		};
/* End XCConfigurationList section */
	};
	rootObject = 5BBC8CE41BE57D3600371899 /* Project object */;
}
